
Microsoft Visual Studio Solution File, Format Version 12.00
# Visual Studio 2012
Project("{8BC9CEB8-8B4A-11D0-8D11-00A0C91BC942}") = "TestServer", "TestServer\TestServer.vcxproj", "{F4B30E6E-D9C0-4299-8427-92BDEFED3CD4}"
EndProject
Global
	GlobalSection(SolutionConfigurationPlatforms) = preSolution
		Debug|Win32 = Debug|Win32
		Release|Win32 = Release|Win32
	EndGlobalSection
	GlobalSection(ProjectConfigurationPlatforms) = postSolution
		{F4B30E6E-D9C0-4299-8427-92BDEFED3CD4}.Debug|Win32.ActiveCfg = Debug|Win32
		{F4B30E6E-D9C0-4299-8427-92BDEFED3CD4}.Debug|Win32.Build.0 = Debug|Win32
		{F4B30E6E-D9C0-4299-8427-92BDEFED3CD4}.Release|Win32.ActiveCfg = Release|Win32
		{F4B30E6E-D9C0-4299-8427-92BDEFED3CD4}.Release|Win32.Build.0 = Release|Win32
	EndGlobalSection
	GlobalSection(SolutionProperties) = preSolution
		HideSolutionNode = FALSE
	EndGlobalSection
EndGlobal
